
Microsoft Visual Studio Solution File, Format Version 12.00
# Visual Studio 2013
VisualStudioVersion = 12.0.31101.0
MinimumVisualStudioVersion = 10.0.40219.1
Project("{2150E333-8FDC-42A3-9474-1A3956D46DE8}") = "Apps", "Apps", "{2DD8A8EC-4786-4BA8-A7D8-FA1061DE2405}"
EndProject
Project("{2150E333-8FDC-42A3-9474-1A3956D46DE8}") = "Lib", "Lib", "{6F409CB5-B357-4826-B37C-E2E80AD48F1B}"
EndProject
Project("{2150E333-8FDC-42A3-9474-1A3956D46DE8}") = "Test", "Test", "{16F7088B-0F21-405E-9287-3CADF69378C7}"
EndProject
Project("{2150E333-8FDC-42A3-9474-1A3956D46DE8}") = "RunSource", "RunSource", "{ECF3D1B7-CCB4-4805-8EE3-F362E77348D3}"
EndProject
Project("{FAE04EC0-301F-11D3-BF4B-00C04F79EFBC}") = "runsource.v2.irunsource", "Apps\RunSource\v2\runsource.irunsource\runsource.v2.irunsource.csproj", "{69EECA69-AABA-40B4-B8A0-F830303A831F}"
EndProject
Project("{FAE04EC0-301F-11D3-BF4B-00C04F79EFBC}") = "runsource.v2.dll", "Apps\RunSource\v2\runsource.dll\runsource.v2.dll.csproj", "{F03DA979-0406-4792-9BB9-14C40EB2A39D}"
EndProject
Project("{FAE04EC0-301F-11D3-BF4B-00C04F79EFBC}") = "runsource.v2.launch", "Apps\RunSource\v2\runsource.launch\runsource.v2.launch.csproj", "{5A4FC7E2-895F-49BF-A8EB-DE12E83A159B}"
EndProject
Project("{FAE04EC0-301F-11D3-BF4B-00C04F79EFBC}") = "runsource.v2.runsource", "Apps\RunSource\v2\runsource.runsource\runsource.v2.runsource.csproj", "{4A9C538E-37E2-46C9-9186-A8C42F45FFAC}"
EndProject
Project("{2150E333-8FDC-42A3-9474-1A3956D46DE8}") = "MyDownloader", "MyDownloader", "{5263EB34-FEA2-4E58-8866-0DC0F1ECBF04}"
EndProject
Project("{FAE04EC0-301F-11D3-BF4B-00C04F79EFBC}") = "MyDownloader.App", "Apps\MyDownloader\MyDownloader.App\MyDownloader.App.csproj", "{091991C2-AA3F-4B55-9C95-C22A906D7FE1}"
EndProject
Project("{FAE04EC0-301F-11D3-BF4B-00C04F79EFBC}") = "MyDownloader.Core", "Apps\MyDownloader\MyDownloader.Core\MyDownloader.Core.csproj", "{FF9189B9-5F9A-488E-8281-7FC227091617}"
EndProject
Project("{FAE04EC0-301F-11D3-BF4B-00C04F79EFBC}") = "MyDownloader.Extension", "Apps\MyDownloader\MyDownloader.Extension\MyDownloader.Extension.csproj", "{4FA580CC-3169-467D-AA3B-50401A93C32E}"
EndProject
Project("{FAE04EC0-301F-11D3-BF4B-00C04F79EFBC}") = "MyDownloader.IEPlugin", "Apps\MyDownloader\MyDownloader.IEPlugin\MyDownloader.IEPlugin.csproj", "{204BD7CF-CA32-4F3F-B4A6-60D1E211922B}"
EndProject
Project("{FAE04EC0-301F-11D3-BF4B-00C04F79EFBC}") = "MyDownloader.Spider", "Apps\MyDownloader\MyDownloader.Spider\MyDownloader.Spider.csproj", "{2A396061-D263-4E49-846D-A1D6AD21F656}"
EndProject
Project("{FAE04EC0-301F-11D3-BF4B-00C04F79EFBC}") = "Test.Test_01", "Test\Test.Test_01\Test.Test_01.csproj", "{578DB265-0E9B-4C28-9C96-10DDBB86B98E}"
EndProject
Project("{2150E333-8FDC-42A3-9474-1A3956D46DE8}") = "Test_wcf", "Test_wcf", "{8EFB22BB-B5EC-4E1B-8286-1510203D3EA1}"
EndProject
Project("{2150E333-8FDC-42A3-9474-1A3956D46DE8}") = "vs", "vs", "{3F69C248-1DA8-49AE-9EC3-E7C48E9A38C1}"
EndProject
Project("{FAE04EC0-301F-11D3-BF4B-00C04F79EFBC}") = "Test_wcf_service_01", "Test\Test.Test_01\Source\Test_wcf\vs\Test_wcf_service_01\Test_wcf_service_01.csproj", "{69DCA0A4-1282-49D4-8872-3D0F61D8B97D}"
EndProject
Project("{FAE04EC0-301F-11D3-BF4B-00C04F79EFBC}") = "Test_wcf_service_02", "Test\Test.Test_01\Source\Test_wcf\vs\Test_wcf_service_02\Test_wcf_service_02.csproj", "{82C9BC9B-C2E6-4A11-90D1-C7045C756E4B}"
EndProject
Project("{FAE04EC0-301F-11D3-BF4B-00C04F79EFBC}") = "Test_wcf_service_03", "Test\Test.Test_01\Source\Test_wcf\vs\Test_wcf_service_03\Test_wcf_service_03.csproj", "{D0721499-9CA9-41B3-9F6E-45DB9404DC4E}"
EndProject
Project("{FAE04EC0-301F-11D3-BF4B-00C04F79EFBC}") = "Test_wcf_service_04", "Test\Test.Test_01\Source\Test_wcf\vs\Test_wcf_service_04\Test_wcf_service_04.csproj", "{611AE7CA-DA7C-45F5-A25F-FA09BB5129E1}"
EndProject
Project("{FAE04EC0-301F-11D3-BF4B-00C04F79EFBC}") = "Test_wcf_service_05", "Test\Test.Test_01\Source\Test_wcf\vs\Test_wcf_service_05\Test_wcf_service_05.csproj", "{0E5742C0-D8CA-4C3F-9939-5284DC99E0FF}"
EndProject
Project("{FAE04EC0-301F-11D3-BF4B-00C04F79EFBC}") = "Test_wcf_service_06", "Test\Test.Test_01\Source\Test_wcf\vs\Test_wcf_service_06\Test_wcf_service_06.csproj", "{73CECFC5-7EDA-46DD-A11B-4B3952810B38}"
EndProject
Project("{FAE04EC0-301F-11D3-BF4B-00C04F79EFBC}") = "Test_wcf_service_07", "Test\Test.Test_01\Source\Test_wcf\vs\Test_wcf_service_07\Test_wcf_service_07.csproj", "{4655D27E-10F7-42EA-8349-C29F63A878F3}"
EndProject
Project("{FAE04EC0-301F-11D3-BF4B-00C04F79EFBC}") = "Test.Test_Unit", "Test\Test.Test_Unit\Test.Test_Unit.csproj", "{AA6EBA79-D2C0-4F88-849C-C2B5E29DAC24}"
EndProject
Project("{2150E333-8FDC-42A3-9474-1A3956D46DE8}") = "WebData", "WebData", "{A9FEC463-BC1C-4E35-AC19-7D7FE8446DCE}"
EndProject
Project("{FAE04EC0-301F-11D3-BF4B-00C04F79EFBC}") = "WebData", "Apps\WebData\WebData.csproj", "{74940701-1895-4129-93DB-2D23511259CD}"
EndProject
Project("{2150E333-8FDC-42A3-9474-1A3956D46DE8}") = "PibApp", "PibApp", "{E72149A5-5E21-4B07-89F0-8967D299B5C6}"
EndProject
Project("{FAE04EC0-301F-11D3-BF4B-00C04F79EFBC}") = "PibApp", "Apps\PibApp\PibApp.csproj", "{9565177D-71A9-4DD6-A715-3464EB878F67}"
EndProject
Project("{FAE04EC0-301F-11D3-BF4B-00C04F79EFBC}") = "Lib", "Lib\pb\Lib.csproj", "{ACEB52CD-35E3-40C4-A945-5583857BD739}"
EndProject
Project("{2150E333-8FDC-42A3-9474-1A3956D46DE8}") = "LongPath", "LongPath", "{79065274-A6E9-458E-A806-EFA0687A7349}"
EndProject
Project("{FAE04EC0-301F-11D3-BF4B-00C04F79EFBC}") = "Pri.LongPath", "Lib\LongPath\Pri.LongPath\Pri.LongPath.csproj", "{DF1F23CA-9DC6-4604-8400-6C4B656E0F5D}"
EndProject
Project("{2150E333-8FDC-42A3-9474-1A3956D46DE8}") = "Damien", "Damien", "{55A5E5C5-7CA4-46F2-90C0-A803E1BFEDF6}"
EndProject
Project("{FAE04EC0-301F-11D3-BF4B-00C04F79EFBC}") = "hts", "Apps\Damien\hts.csproj", "{764C0897-F591-40C5-933A-325C78E17D44}"
EndProject
Global
	GlobalSection(SolutionConfigurationPlatforms) = preSolution
		Debug|Any CPU = Debug|Any CPU
		Debug|x86 = Debug|x86
		Release|Any CPU = Release|Any CPU
		Release|x86 = Release|x86
	EndGlobalSection
	GlobalSection(ProjectConfigurationPlatforms) = postSolution
		{69EECA69-AABA-40B4-B8A0-F830303A831F}.Debug|Any CPU.ActiveCfg = Debug|Any CPU
		{69EECA69-AABA-40B4-B8A0-F830303A831F}.Debug|Any CPU.Build.0 = Debug|Any CPU
		{69EECA69-AABA-40B4-B8A0-F830303A831F}.Debug|x86.ActiveCfg = Debug|Any CPU
		{69EECA69-AABA-40B4-B8A0-F830303A831F}.Release|Any CPU.ActiveCfg = Release|Any CPU
		{69EECA69-AABA-40B4-B8A0-F830303A831F}.Release|Any CPU.Build.0 = Release|Any CPU
		{69EECA69-AABA-40B4-B8A0-F830303A831F}.Release|x86.ActiveCfg = Release|Any CPU
		{F03DA979-0406-4792-9BB9-14C40EB2A39D}.Debug|Any CPU.ActiveCfg = Debug|Any CPU
		{F03DA979-0406-4792-9BB9-14C40EB2A39D}.Debug|Any CPU.Build.0 = Debug|Any CPU
		{F03DA979-0406-4792-9BB9-14C40EB2A39D}.Debug|x86.ActiveCfg = Debug|Any CPU
		{F03DA979-0406-4792-9BB9-14C40EB2A39D}.Release|Any CPU.ActiveCfg = Release|Any CPU
		{F03DA979-0406-4792-9BB9-14C40EB2A39D}.Release|Any CPU.Build.0 = Release|Any CPU
		{F03DA979-0406-4792-9BB9-14C40EB2A39D}.Release|x86.ActiveCfg = Release|Any CPU
		{5A4FC7E2-895F-49BF-A8EB-DE12E83A159B}.Debug|Any CPU.ActiveCfg = Debug|Any CPU
		{5A4FC7E2-895F-49BF-A8EB-DE12E83A159B}.Debug|Any CPU.Build.0 = Debug|Any CPU
		{5A4FC7E2-895F-49BF-A8EB-DE12E83A159B}.Debug|x86.ActiveCfg = Debug|Any CPU
		{5A4FC7E2-895F-49BF-A8EB-DE12E83A159B}.Release|Any CPU.ActiveCfg = Release|Any CPU
		{5A4FC7E2-895F-49BF-A8EB-DE12E83A159B}.Release|Any CPU.Build.0 = Release|Any CPU
		{5A4FC7E2-895F-49BF-A8EB-DE12E83A159B}.Release|x86.ActiveCfg = Release|Any CPU
		{4A9C538E-37E2-46C9-9186-A8C42F45FFAC}.Debug|Any CPU.ActiveCfg = Debug|Any CPU
		{4A9C538E-37E2-46C9-9186-A8C42F45FFAC}.Debug|Any CPU.Build.0 = Debug|Any CPU
		{4A9C538E-37E2-46C9-9186-A8C42F45FFAC}.Debug|x86.ActiveCfg = Debug|Any CPU
		{4A9C538E-37E2-46C9-9186-A8C42F45FFAC}.Release|Any CPU.ActiveCfg = Release|Any CPU
		{4A9C538E-37E2-46C9-9186-A8C42F45FFAC}.Release|Any CPU.Build.0 = Release|Any CPU
		{4A9C538E-37E2-46C9-9186-A8C42F45FFAC}.Release|x86.ActiveCfg = Release|Any CPU
		{091991C2-AA3F-4B55-9C95-C22A906D7FE1}.Debug|Any CPU.ActiveCfg = Debug|Any CPU
		{091991C2-AA3F-4B55-9C95-C22A906D7FE1}.Debug|Any CPU.Build.0 = Debug|Any CPU
		{091991C2-AA3F-4B55-9C95-C22A906D7FE1}.Debug|x86.ActiveCfg = Debug|Any CPU
		{091991C2-AA3F-4B55-9C95-C22A906D7FE1}.Release|Any CPU.ActiveCfg = Release|Any CPU
		{091991C2-AA3F-4B55-9C95-C22A906D7FE1}.Release|Any CPU.Build.0 = Release|Any CPU
		{091991C2-AA3F-4B55-9C95-C22A906D7FE1}.Release|x86.ActiveCfg = Release|Any CPU
		{FF9189B9-5F9A-488E-8281-7FC227091617}.Debug|Any CPU.ActiveCfg = Debug|Any CPU
		{FF9189B9-5F9A-488E-8281-7FC227091617}.Debug|Any CPU.Build.0 = Debug|Any CPU
		{FF9189B9-5F9A-488E-8281-7FC227091617}.Debug|x86.ActiveCfg = Debug|Any CPU
		{FF9189B9-5F9A-488E-8281-7FC227091617}.Release|Any CPU.ActiveCfg = Release|Any CPU
		{FF9189B9-5F9A-488E-8281-7FC227091617}.Release|Any CPU.Build.0 = Release|Any CPU
		{FF9189B9-5F9A-488E-8281-7FC227091617}.Release|x86.ActiveCfg = Release|Any CPU
		{4FA580CC-3169-467D-AA3B-50401A93C32E}.Debug|Any CPU.ActiveCfg = Debug|Any CPU
		{4FA580CC-3169-467D-AA3B-50401A93C32E}.Debug|Any CPU.Build.0 = Debug|Any CPU
		{4FA580CC-3169-467D-AA3B-50401A93C32E}.Debug|x86.ActiveCfg = Debug|Any CPU
		{4FA580CC-3169-467D-AA3B-50401A93C32E}.Release|Any CPU.ActiveCfg = Release|Any CPU
		{4FA580CC-3169-467D-AA3B-50401A93C32E}.Release|Any CPU.Build.0 = Release|Any CPU
		{4FA580CC-3169-467D-AA3B-50401A93C32E}.Release|x86.ActiveCfg = Release|Any CPU
		{204BD7CF-CA32-4F3F-B4A6-60D1E211922B}.Debug|Any CPU.ActiveCfg = Debug|Any CPU
		{204BD7CF-CA32-4F3F-B4A6-60D1E211922B}.Debug|Any CPU.Build.0 = Debug|Any CPU
		{204BD7CF-CA32-4F3F-B4A6-60D1E211922B}.Debug|x86.ActiveCfg = Debug|Any CPU
		{204BD7CF-CA32-4F3F-B4A6-60D1E211922B}.Release|Any CPU.ActiveCfg = Release|Any CPU
		{204BD7CF-CA32-4F3F-B4A6-60D1E211922B}.Release|Any CPU.Build.0 = Release|Any CPU
		{204BD7CF-CA32-4F3F-B4A6-60D1E211922B}.Release|x86.ActiveCfg = Release|Any CPU
		{2A396061-D263-4E49-846D-A1D6AD21F656}.Debug|Any CPU.ActiveCfg = Debug|Any CPU
		{2A396061-D263-4E49-846D-A1D6AD21F656}.Debug|Any CPU.Build.0 = Debug|Any CPU
		{2A396061-D263-4E49-846D-A1D6AD21F656}.Debug|x86.ActiveCfg = Debug|Any CPU
		{2A396061-D263-4E49-846D-A1D6AD21F656}.Release|Any CPU.ActiveCfg = Release|Any CPU
		{2A396061-D263-4E49-846D-A1D6AD21F656}.Release|Any CPU.Build.0 = Release|Any CPU
		{2A396061-D263-4E49-846D-A1D6AD21F656}.Release|x86.ActiveCfg = Release|Any CPU
		{578DB265-0E9B-4C28-9C96-10DDBB86B98E}.Debug|Any CPU.ActiveCfg = Debug|x86
		{578DB265-0E9B-4C28-9C96-10DDBB86B98E}.Debug|Any CPU.Build.0 = Debug|x86
		{578DB265-0E9B-4C28-9C96-10DDBB86B98E}.Debug|x86.ActiveCfg = Debug|x86
		{578DB265-0E9B-4C28-9C96-10DDBB86B98E}.Debug|x86.Build.0 = Debug|x86
		{578DB265-0E9B-4C28-9C96-10DDBB86B98E}.Release|Any CPU.ActiveCfg = Release|Any CPU
		{578DB265-0E9B-4C28-9C96-10DDBB86B98E}.Release|Any CPU.Build.0 = Release|Any CPU
		{578DB265-0E9B-4C28-9C96-10DDBB86B98E}.Release|x86.ActiveCfg = Release|x86
		{578DB265-0E9B-4C28-9C96-10DDBB86B98E}.Release|x86.Build.0 = Release|x86
		{69DCA0A4-1282-49D4-8872-3D0F61D8B97D}.Debug|Any CPU.ActiveCfg = Debug|Any CPU
		{69DCA0A4-1282-49D4-8872-3D0F61D8B97D}.Debug|Any CPU.Build.0 = Debug|Any CPU
		{69DCA0A4-1282-49D4-8872-3D0F61D8B97D}.Debug|x86.ActiveCfg = Debug|Any CPU
		{69DCA0A4-1282-49D4-8872-3D0F61D8B97D}.Release|Any CPU.ActiveCfg = Release|Any CPU
		{69DCA0A4-1282-49D4-8872-3D0F61D8B97D}.Release|Any CPU.Build.0 = Release|Any CPU
		{69DCA0A4-1282-49D4-8872-3D0F61D8B97D}.Release|x86.ActiveCfg = Release|Any CPU
		{82C9BC9B-C2E6-4A11-90D1-C7045C756E4B}.Debug|Any CPU.ActiveCfg = Debug|Any CPU
		{82C9BC9B-C2E6-4A11-90D1-C7045C756E4B}.Debug|Any CPU.Build.0 = Debug|Any CPU
		{82C9BC9B-C2E6-4A11-90D1-C7045C756E4B}.Debug|x86.ActiveCfg = Debug|Any CPU
		{82C9BC9B-C2E6-4A11-90D1-C7045C756E4B}.Release|Any CPU.ActiveCfg = Release|Any CPU
		{82C9BC9B-C2E6-4A11-90D1-C7045C756E4B}.Release|Any CPU.Build.0 = Release|Any CPU
		{82C9BC9B-C2E6-4A11-90D1-C7045C756E4B}.Release|x86.ActiveCfg = Release|Any CPU
		{D0721499-9CA9-41B3-9F6E-45DB9404DC4E}.Debug|Any CPU.ActiveCfg = Debug|Any CPU
		{D0721499-9CA9-41B3-9F6E-45DB9404DC4E}.Debug|Any CPU.Build.0 = Debug|Any CPU
		{D0721499-9CA9-41B3-9F6E-45DB9404DC4E}.Debug|x86.ActiveCfg = Debug|Any CPU
		{D0721499-9CA9-41B3-9F6E-45DB9404DC4E}.Release|Any CPU.ActiveCfg = Release|Any CPU
		{D0721499-9CA9-41B3-9F6E-45DB9404DC4E}.Release|Any CPU.Build.0 = Release|Any CPU
		{D0721499-9CA9-41B3-9F6E-45DB9404DC4E}.Release|x86.ActiveCfg = Release|Any CPU
		{611AE7CA-DA7C-45F5-A25F-FA09BB5129E1}.Debug|Any CPU.ActiveCfg = Debug|Any CPU
		{611AE7CA-DA7C-45F5-A25F-FA09BB5129E1}.Debug|Any CPU.Build.0 = Debug|Any CPU
		{611AE7CA-DA7C-45F5-A25F-FA09BB5129E1}.Debug|x86.ActiveCfg = Debug|Any CPU
		{611AE7CA-DA7C-45F5-A25F-FA09BB5129E1}.Release|Any CPU.ActiveCfg = Release|Any CPU
		{611AE7CA-DA7C-45F5-A25F-FA09BB5129E1}.Release|Any CPU.Build.0 = Release|Any CPU
		{611AE7CA-DA7C-45F5-A25F-FA09BB5129E1}.Release|x86.ActiveCfg = Release|Any CPU
		{0E5742C0-D8CA-4C3F-9939-5284DC99E0FF}.Debug|Any CPU.ActiveCfg = Debug|Any CPU
		{0E5742C0-D8CA-4C3F-9939-5284DC99E0FF}.Debug|Any CPU.Build.0 = Debug|Any CPU
		{0E5742C0-D8CA-4C3F-9939-5284DC99E0FF}.Debug|x86.ActiveCfg = Debug|Any CPU
		{0E5742C0-D8CA-4C3F-9939-5284DC99E0FF}.Release|Any CPU.ActiveCfg = Release|Any CPU
		{0E5742C0-D8CA-4C3F-9939-5284DC99E0FF}.Release|Any CPU.Build.0 = Release|Any CPU
		{0E5742C0-D8CA-4C3F-9939-5284DC99E0FF}.Release|x86.ActiveCfg = Release|Any CPU
		{73CECFC5-7EDA-46DD-A11B-4B3952810B38}.Debug|Any CPU.ActiveCfg = Debug|Any CPU
		{73CECFC5-7EDA-46DD-A11B-4B3952810B38}.Debug|Any CPU.Build.0 = Debug|Any CPU
		{73CECFC5-7EDA-46DD-A11B-4B3952810B38}.Debug|x86.ActiveCfg = Debug|Any CPU
		{73CECFC5-7EDA-46DD-A11B-4B3952810B38}.Release|Any CPU.ActiveCfg = Release|Any CPU
		{73CECFC5-7EDA-46DD-A11B-4B3952810B38}.Release|Any CPU.Build.0 = Release|Any CPU
		{73CECFC5-7EDA-46DD-A11B-4B3952810B38}.Release|x86.ActiveCfg = Release|Any CPU
		{4655D27E-10F7-42EA-8349-C29F63A878F3}.Debug|Any CPU.ActiveCfg = Debug|Any CPU
		{4655D27E-10F7-42EA-8349-C29F63A878F3}.Debug|Any CPU.Build.0 = Debug|Any CPU
		{4655D27E-10F7-42EA-8349-C29F63A878F3}.Debug|x86.ActiveCfg = Debug|Any CPU
		{4655D27E-10F7-42EA-8349-C29F63A878F3}.Release|Any CPU.ActiveCfg = Release|Any CPU
		{4655D27E-10F7-42EA-8349-C29F63A878F3}.Release|Any CPU.Build.0 = Release|Any CPU
		{4655D27E-10F7-42EA-8349-C29F63A878F3}.Release|x86.ActiveCfg = Release|Any CPU
		{AA6EBA79-D2C0-4F88-849C-C2B5E29DAC24}.Debug|Any CPU.ActiveCfg = Debug|Any CPU
		{AA6EBA79-D2C0-4F88-849C-C2B5E29DAC24}.Debug|Any CPU.Build.0 = Debug|Any CPU
		{AA6EBA79-D2C0-4F88-849C-C2B5E29DAC24}.Debug|x86.ActiveCfg = Debug|Any CPU
		{AA6EBA79-D2C0-4F88-849C-C2B5E29DAC24}.Release|Any CPU.ActiveCfg = Release|Any CPU
		{AA6EBA79-D2C0-4F88-849C-C2B5E29DAC24}.Release|Any CPU.Build.0 = Release|Any CPU
		{AA6EBA79-D2C0-4F88-849C-C2B5E29DAC24}.Release|x86.ActiveCfg = Release|Any CPU
		{74940701-1895-4129-93DB-2D23511259CD}.Debug|Any CPU.ActiveCfg = Debug|Any CPU
		{74940701-1895-4129-93DB-2D23511259CD}.Debug|Any CPU.Build.0 = Debug|Any CPU
		{74940701-1895-4129-93DB-2D23511259CD}.Debug|x86.ActiveCfg = Debug|Any CPU
		{74940701-1895-4129-93DB-2D23511259CD}.Release|Any CPU.ActiveCfg = Release|Any CPU
		{74940701-1895-4129-93DB-2D23511259CD}.Release|Any CPU.Build.0 = Release|Any CPU
		{74940701-1895-4129-93DB-2D23511259CD}.Release|x86.ActiveCfg = Release|Any CPU
		{9565177D-71A9-4DD6-A715-3464EB878F67}.Debug|Any CPU.ActiveCfg = Debug|Any CPU
		{9565177D-71A9-4DD6-A715-3464EB878F67}.Debug|Any CPU.Build.0 = Debug|Any CPU
		{9565177D-71A9-4DD6-A715-3464EB878F67}.Debug|x86.ActiveCfg = Debug|Any CPU
		{9565177D-71A9-4DD6-A715-3464EB878F67}.Release|Any CPU.ActiveCfg = Release|Any CPU
		{9565177D-71A9-4DD6-A715-3464EB878F67}.Release|Any CPU.Build.0 = Release|Any CPU
		{9565177D-71A9-4DD6-A715-3464EB878F67}.Release|x86.ActiveCfg = Release|Any CPU
		{ACEB52CD-35E3-40C4-A945-5583857BD739}.Debug|Any CPU.ActiveCfg = Debug|Any CPU
		{ACEB52CD-35E3-40C4-A945-5583857BD739}.Debug|Any CPU.Build.0 = Debug|Any CPU
		{ACEB52CD-35E3-40C4-A945-5583857BD739}.Debug|x86.ActiveCfg = Debug|Any CPU
		{ACEB52CD-35E3-40C4-A945-5583857BD739}.Release|Any CPU.ActiveCfg = Release|Any CPU
		{ACEB52CD-35E3-40C4-A945-5583857BD739}.Release|Any CPU.Build.0 = Release|Any CPU
		{ACEB52CD-35E3-40C4-A945-5583857BD739}.Release|x86.ActiveCfg = Release|Any CPU
		{DF1F23CA-9DC6-4604-8400-6C4B656E0F5D}.Debug|Any CPU.ActiveCfg = Debug|Any CPU
		{DF1F23CA-9DC6-4604-8400-6C4B656E0F5D}.Debug|Any CPU.Build.0 = Debug|Any CPU
		{DF1F23CA-9DC6-4604-8400-6C4B656E0F5D}.Debug|x86.ActiveCfg = Debug|Any CPU
		{DF1F23CA-9DC6-4604-8400-6C4B656E0F5D}.Release|Any CPU.ActiveCfg = Release|Any CPU
		{DF1F23CA-9DC6-4604-8400-6C4B656E0F5D}.Release|Any CPU.Build.0 = Release|Any CPU
		{DF1F23CA-9DC6-4604-8400-6C4B656E0F5D}.Release|x86.ActiveCfg = Release|Any CPU
		{764C0897-F591-40C5-933A-325C78E17D44}.Debug|Any CPU.ActiveCfg = Debug|Any CPU
		{764C0897-F591-40C5-933A-325C78E17D44}.Debug|Any CPU.Build.0 = Debug|Any CPU
		{764C0897-F591-40C5-933A-325C78E17D44}.Debug|x86.ActiveCfg = Debug|Any CPU
		{764C0897-F591-40C5-933A-325C78E17D44}.Release|Any CPU.ActiveCfg = Release|Any CPU
		{764C0897-F591-40C5-933A-325C78E17D44}.Release|Any CPU.Build.0 = Release|Any CPU
		{764C0897-F591-40C5-933A-325C78E17D44}.Release|x86.ActiveCfg = Release|Any CPU
	EndGlobalSection
	GlobalSection(SolutionProperties) = preSolution
		HideSolutionNode = FALSE
	EndGlobalSection
	GlobalSection(NestedProjects) = preSolution
		{ECF3D1B7-CCB4-4805-8EE3-F362E77348D3} = {2DD8A8EC-4786-4BA8-A7D8-FA1061DE2405}
		{69EECA69-AABA-40B4-B8A0-F830303A831F} = {ECF3D1B7-CCB4-4805-8EE3-F362E77348D3}
		{F03DA979-0406-4792-9BB9-14C40EB2A39D} = {ECF3D1B7-CCB4-4805-8EE3-F362E77348D3}
		{5A4FC7E2-895F-49BF-A8EB-DE12E83A159B} = {ECF3D1B7-CCB4-4805-8EE3-F362E77348D3}
		{4A9C538E-37E2-46C9-9186-A8C42F45FFAC} = {ECF3D1B7-CCB4-4805-8EE3-F362E77348D3}
		{5263EB34-FEA2-4E58-8866-0DC0F1ECBF04} = {2DD8A8EC-4786-4BA8-A7D8-FA1061DE2405}
		{091991C2-AA3F-4B55-9C95-C22A906D7FE1} = {5263EB34-FEA2-4E58-8866-0DC0F1ECBF04}
		{FF9189B9-5F9A-488E-8281-7FC227091617} = {5263EB34-FEA2-4E58-8866-0DC0F1ECBF04}
		{4FA580CC-3169-467D-AA3B-50401A93C32E} = {5263EB34-FEA2-4E58-8866-0DC0F1ECBF04}
		{204BD7CF-CA32-4F3F-B4A6-60D1E211922B} = {5263EB34-FEA2-4E58-8866-0DC0F1ECBF04}
		{2A396061-D263-4E49-846D-A1D6AD21F656} = {5263EB34-FEA2-4E58-8866-0DC0F1ECBF04}
		{578DB265-0E9B-4C28-9C96-10DDBB86B98E} = {16F7088B-0F21-405E-9287-3CADF69378C7}
		{8EFB22BB-B5EC-4E1B-8286-1510203D3EA1} = {3F69C248-1DA8-49AE-9EC3-E7C48E9A38C1}
		{3F69C248-1DA8-49AE-9EC3-E7C48E9A38C1} = {16F7088B-0F21-405E-9287-3CADF69378C7}
		{69DCA0A4-1282-49D4-8872-3D0F61D8B97D} = {8EFB22BB-B5EC-4E1B-8286-1510203D3EA1}
		{82C9BC9B-C2E6-4A11-90D1-C7045C756E4B} = {8EFB22BB-B5EC-4E1B-8286-1510203D3EA1}
		{D0721499-9CA9-41B3-9F6E-45DB9404DC4E} = {8EFB22BB-B5EC-4E1B-8286-1510203D3EA1}
		{611AE7CA-DA7C-45F5-A25F-FA09BB5129E1} = {8EFB22BB-B5EC-4E1B-8286-1510203D3EA1}
		{0E5742C0-D8CA-4C3F-9939-5284DC99E0FF} = {8EFB22BB-B5EC-4E1B-8286-1510203D3EA1}
		{73CECFC5-7EDA-46DD-A11B-4B3952810B38} = {8EFB22BB-B5EC-4E1B-8286-1510203D3EA1}
		{4655D27E-10F7-42EA-8349-C29F63A878F3} = {8EFB22BB-B5EC-4E1B-8286-1510203D3EA1}
		{AA6EBA79-D2C0-4F88-849C-C2B5E29DAC24} = {16F7088B-0F21-405E-9287-3CADF69378C7}
		{A9FEC463-BC1C-4E35-AC19-7D7FE8446DCE} = {2DD8A8EC-4786-4BA8-A7D8-FA1061DE2405}
		{74940701-1895-4129-93DB-2D23511259CD} = {A9FEC463-BC1C-4E35-AC19-7D7FE8446DCE}
		{E72149A5-5E21-4B07-89F0-8967D299B5C6} = {2DD8A8EC-4786-4BA8-A7D8-FA1061DE2405}
		{9565177D-71A9-4DD6-A715-3464EB878F67} = {E72149A5-5E21-4B07-89F0-8967D299B5C6}
		{ACEB52CD-35E3-40C4-A945-5583857BD739} = {6F409CB5-B357-4826-B37C-E2E80AD48F1B}
		{79065274-A6E9-458E-A806-EFA0687A7349} = {6F409CB5-B357-4826-B37C-E2E80AD48F1B}
		{DF1F23CA-9DC6-4604-8400-6C4B656E0F5D} = {79065274-A6E9-458E-A806-EFA0687A7349}
		{55A5E5C5-7CA4-46F2-90C0-A803E1BFEDF6} = {2DD8A8EC-4786-4BA8-A7D8-FA1061DE2405}
		{764C0897-F591-40C5-933A-325C78E17D44} = {55A5E5C5-7CA4-46F2-90C0-A803E1BFEDF6}
	EndGlobalSection
EndGlobal
