
Microsoft Visual Studio Solution File, Format Version 12.00
# Visual Studio 2013
VisualStudioVersion = 12.0.31101.0
MinimumVisualStudioVersion = 10.0.40219.1
Project("{2150E333-8FDC-42A3-9474-1A3956D46DE8}") = "Apps", "Apps", "{2DD8A8EC-4786-4BA8-A7D8-FA1061DE2405}"
EndProject
Project("{2150E333-8FDC-42A3-9474-1A3956D46DE8}") = "Lib", "Lib", "{6F409CB5-B357-4826-B37C-E2E80AD48F1B}"
EndProject
Project("{2150E333-8FDC-42A3-9474-1A3956D46DE8}") = "Test", "Test", "{16F7088B-0F21-405E-9287-3CADF69378C7}"
EndProject
Project("{FAE04EC0-301F-11D3-BF4B-00C04F79EFBC}") = "Lib", "Lib\Lib.csproj", "{ACEB52CD-35E3-40C4-A945-5583857BD739}"
EndProject
Project("{2150E333-8FDC-42A3-9474-1A3956D46DE8}") = "RunSource", "RunSource", "{ECF3D1B7-CCB4-4805-8EE3-F362E77348D3}"
EndProject
Project("{FAE04EC0-301F-11D3-BF4B-00C04F79EFBC}") = "runsource.v2.irunsource", "Apps\RunSource\v2\runsource.irunsource\runsource.v2.irunsource.csproj", "{69EECA69-AABA-40B4-B8A0-F830303A831F}"
EndProject
Project("{FAE04EC0-301F-11D3-BF4B-00C04F79EFBC}") = "runsource.v2.dll", "Apps\RunSource\v2\runsource.dll\runsource.v2.dll.csproj", "{F03DA979-0406-4792-9BB9-14C40EB2A39D}"
EndProject
Project("{FAE04EC0-301F-11D3-BF4B-00C04F79EFBC}") = "runsource.v2.launch", "Apps\RunSource\v2\runsource.launch\runsource.v2.launch.csproj", "{5A4FC7E2-895F-49BF-A8EB-DE12E83A159B}"
EndProject
Project("{FAE04EC0-301F-11D3-BF4B-00C04F79EFBC}") = "runsource.v2.runsource", "Apps\RunSource\v2\runsource.runsource\runsource.v2.runsource.csproj", "{4A9C538E-37E2-46C9-9186-A8C42F45FFAC}"
EndProject
Project("{2150E333-8FDC-42A3-9474-1A3956D46DE8}") = "MyDownloader", "MyDownloader", "{5263EB34-FEA2-4E58-8866-0DC0F1ECBF04}"
EndProject
Project("{FAE04EC0-301F-11D3-BF4B-00C04F79EFBC}") = "MyDownloader.App", "Apps\MyDownloader\MyDownloader.App\MyDownloader.App.csproj", "{091991C2-AA3F-4B55-9C95-C22A906D7FE1}"
EndProject
Project("{FAE04EC0-301F-11D3-BF4B-00C04F79EFBC}") = "MyDownloader.Core", "Apps\MyDownloader\MyDownloader.Core\MyDownloader.Core.csproj", "{FF9189B9-5F9A-488E-8281-7FC227091617}"
EndProject
Project("{FAE04EC0-301F-11D3-BF4B-00C04F79EFBC}") = "MyDownloader.Extension", "Apps\MyDownloader\MyDownloader.Extension\MyDownloader.Extension.csproj", "{4FA580CC-3169-467D-AA3B-50401A93C32E}"
EndProject
Project("{FAE04EC0-301F-11D3-BF4B-00C04F79EFBC}") = "MyDownloader.IEPlugin", "Apps\MyDownloader\MyDownloader.IEPlugin\MyDownloader.IEPlugin.csproj", "{204BD7CF-CA32-4F3F-B4A6-60D1E211922B}"
EndProject
Project("{FAE04EC0-301F-11D3-BF4B-00C04F79EFBC}") = "MyDownloader.Spider", "Apps\MyDownloader\MyDownloader.Spider\MyDownloader.Spider.csproj", "{2A396061-D263-4E49-846D-A1D6AD21F656}"
EndProject
Global
	GlobalSection(SolutionConfigurationPlatforms) = preSolution
		Debug|Any CPU = Debug|Any CPU
		Release|Any CPU = Release|Any CPU
	EndGlobalSection
	GlobalSection(ProjectConfigurationPlatforms) = postSolution
		{ACEB52CD-35E3-40C4-A945-5583857BD739}.Debug|Any CPU.ActiveCfg = Debug|Any CPU
		{ACEB52CD-35E3-40C4-A945-5583857BD739}.Debug|Any CPU.Build.0 = Debug|Any CPU
		{ACEB52CD-35E3-40C4-A945-5583857BD739}.Release|Any CPU.ActiveCfg = Release|Any CPU
		{ACEB52CD-35E3-40C4-A945-5583857BD739}.Release|Any CPU.Build.0 = Release|Any CPU
		{69EECA69-AABA-40B4-B8A0-F830303A831F}.Debug|Any CPU.ActiveCfg = Debug|Any CPU
		{69EECA69-AABA-40B4-B8A0-F830303A831F}.Debug|Any CPU.Build.0 = Debug|Any CPU
		{69EECA69-AABA-40B4-B8A0-F830303A831F}.Release|Any CPU.ActiveCfg = Release|Any CPU
		{69EECA69-AABA-40B4-B8A0-F830303A831F}.Release|Any CPU.Build.0 = Release|Any CPU
		{F03DA979-0406-4792-9BB9-14C40EB2A39D}.Debug|Any CPU.ActiveCfg = Debug|Any CPU
		{F03DA979-0406-4792-9BB9-14C40EB2A39D}.Debug|Any CPU.Build.0 = Debug|Any CPU
		{F03DA979-0406-4792-9BB9-14C40EB2A39D}.Release|Any CPU.ActiveCfg = Release|Any CPU
		{F03DA979-0406-4792-9BB9-14C40EB2A39D}.Release|Any CPU.Build.0 = Release|Any CPU
		{5A4FC7E2-895F-49BF-A8EB-DE12E83A159B}.Debug|Any CPU.ActiveCfg = Debug|Any CPU
		{5A4FC7E2-895F-49BF-A8EB-DE12E83A159B}.Debug|Any CPU.Build.0 = Debug|Any CPU
		{5A4FC7E2-895F-49BF-A8EB-DE12E83A159B}.Release|Any CPU.ActiveCfg = Release|Any CPU
		{5A4FC7E2-895F-49BF-A8EB-DE12E83A159B}.Release|Any CPU.Build.0 = Release|Any CPU
		{4A9C538E-37E2-46C9-9186-A8C42F45FFAC}.Debug|Any CPU.ActiveCfg = Debug|Any CPU
		{4A9C538E-37E2-46C9-9186-A8C42F45FFAC}.Debug|Any CPU.Build.0 = Debug|Any CPU
		{4A9C538E-37E2-46C9-9186-A8C42F45FFAC}.Release|Any CPU.ActiveCfg = Release|Any CPU
		{4A9C538E-37E2-46C9-9186-A8C42F45FFAC}.Release|Any CPU.Build.0 = Release|Any CPU
		{091991C2-AA3F-4B55-9C95-C22A906D7FE1}.Debug|Any CPU.ActiveCfg = Debug|Any CPU
		{091991C2-AA3F-4B55-9C95-C22A906D7FE1}.Debug|Any CPU.Build.0 = Debug|Any CPU
		{091991C2-AA3F-4B55-9C95-C22A906D7FE1}.Release|Any CPU.ActiveCfg = Release|Any CPU
		{091991C2-AA3F-4B55-9C95-C22A906D7FE1}.Release|Any CPU.Build.0 = Release|Any CPU
		{FF9189B9-5F9A-488E-8281-7FC227091617}.Debug|Any CPU.ActiveCfg = Debug|Any CPU
		{FF9189B9-5F9A-488E-8281-7FC227091617}.Debug|Any CPU.Build.0 = Debug|Any CPU
		{FF9189B9-5F9A-488E-8281-7FC227091617}.Release|Any CPU.ActiveCfg = Release|Any CPU
		{FF9189B9-5F9A-488E-8281-7FC227091617}.Release|Any CPU.Build.0 = Release|Any CPU
		{4FA580CC-3169-467D-AA3B-50401A93C32E}.Debug|Any CPU.ActiveCfg = Debug|Any CPU
		{4FA580CC-3169-467D-AA3B-50401A93C32E}.Debug|Any CPU.Build.0 = Debug|Any CPU
		{4FA580CC-3169-467D-AA3B-50401A93C32E}.Release|Any CPU.ActiveCfg = Release|Any CPU
		{4FA580CC-3169-467D-AA3B-50401A93C32E}.Release|Any CPU.Build.0 = Release|Any CPU
		{204BD7CF-CA32-4F3F-B4A6-60D1E211922B}.Debug|Any CPU.ActiveCfg = Debug|Any CPU
		{204BD7CF-CA32-4F3F-B4A6-60D1E211922B}.Debug|Any CPU.Build.0 = Debug|Any CPU
		{204BD7CF-CA32-4F3F-B4A6-60D1E211922B}.Release|Any CPU.ActiveCfg = Release|Any CPU
		{204BD7CF-CA32-4F3F-B4A6-60D1E211922B}.Release|Any CPU.Build.0 = Release|Any CPU
		{2A396061-D263-4E49-846D-A1D6AD21F656}.Debug|Any CPU.ActiveCfg = Debug|Any CPU
		{2A396061-D263-4E49-846D-A1D6AD21F656}.Debug|Any CPU.Build.0 = Debug|Any CPU
		{2A396061-D263-4E49-846D-A1D6AD21F656}.Release|Any CPU.ActiveCfg = Release|Any CPU
		{2A396061-D263-4E49-846D-A1D6AD21F656}.Release|Any CPU.Build.0 = Release|Any CPU
	EndGlobalSection
	GlobalSection(SolutionProperties) = preSolution
		HideSolutionNode = FALSE
	EndGlobalSection
	GlobalSection(NestedProjects) = preSolution
		{ACEB52CD-35E3-40C4-A945-5583857BD739} = {6F409CB5-B357-4826-B37C-E2E80AD48F1B}
		{ECF3D1B7-CCB4-4805-8EE3-F362E77348D3} = {2DD8A8EC-4786-4BA8-A7D8-FA1061DE2405}
		{69EECA69-AABA-40B4-B8A0-F830303A831F} = {ECF3D1B7-CCB4-4805-8EE3-F362E77348D3}
		{F03DA979-0406-4792-9BB9-14C40EB2A39D} = {ECF3D1B7-CCB4-4805-8EE3-F362E77348D3}
		{5A4FC7E2-895F-49BF-A8EB-DE12E83A159B} = {ECF3D1B7-CCB4-4805-8EE3-F362E77348D3}
		{4A9C538E-37E2-46C9-9186-A8C42F45FFAC} = {ECF3D1B7-CCB4-4805-8EE3-F362E77348D3}
		{5263EB34-FEA2-4E58-8866-0DC0F1ECBF04} = {2DD8A8EC-4786-4BA8-A7D8-FA1061DE2405}
		{091991C2-AA3F-4B55-9C95-C22A906D7FE1} = {5263EB34-FEA2-4E58-8866-0DC0F1ECBF04}
		{FF9189B9-5F9A-488E-8281-7FC227091617} = {5263EB34-FEA2-4E58-8866-0DC0F1ECBF04}
		{4FA580CC-3169-467D-AA3B-50401A93C32E} = {5263EB34-FEA2-4E58-8866-0DC0F1ECBF04}
		{204BD7CF-CA32-4F3F-B4A6-60D1E211922B} = {5263EB34-FEA2-4E58-8866-0DC0F1ECBF04}
		{2A396061-D263-4E49-846D-A1D6AD21F656} = {5263EB34-FEA2-4E58-8866-0DC0F1ECBF04}
	EndGlobalSection
EndGlobal
