
Microsoft Visual Studio Solution File, Format Version 12.00
# Visual Studio 2013
VisualStudioVersion = 12.0.31101.0
MinimumVisualStudioVersion = 10.0.40219.1
Project("{FAE04EC0-301F-11D3-BF4B-00C04F79EFBC}") = "Test_wcf_service_01", "Test_wcf_service_01.csproj", "{69DCA0A4-1282-49D4-8872-3D0F61D8B97D}"
EndProject
Global
	GlobalSection(SolutionConfigurationPlatforms) = preSolution
		Debug|Any CPU = Debug|Any CPU
		Release|Any CPU = Release|Any CPU
	EndGlobalSection
	GlobalSection(ProjectConfigurationPlatforms) = postSolution
		{69DCA0A4-1282-49D4-8872-3D0F61D8B97D}.Debug|Any CPU.ActiveCfg = Debug|Any CPU
		{69DCA0A4-1282-49D4-8872-3D0F61D8B97D}.Debug|Any CPU.Build.0 = Debug|Any CPU
		{69DCA0A4-1282-49D4-8872-3D0F61D8B97D}.Release|Any CPU.ActiveCfg = Release|Any CPU
		{69DCA0A4-1282-49D4-8872-3D0F61D8B97D}.Release|Any CPU.Build.0 = Release|Any CPU
	EndGlobalSection
	GlobalSection(SolutionProperties) = preSolution
		HideSolutionNode = FALSE
	EndGlobalSection
EndGlobal
